PODS:
  - Anchors (2.4.0)
  - GifMagic (0.1.0)

DEPENDENCIES:
  - Anchors (from `https://github.com/onmyway133/Anchors`)
  - GifMagic (from `https://github.com/onmyway133/GifMagic`)

EXTERNAL SOURCES:
  Anchors:
    :git: https://github.com/onmyway133/Anchors
  GifMagic:
    :git: https://github.com/onmyway133/GifMagic

CHECKOUT OPTIONS:
  Anchors:
    :commit: d82de93e38ddb6656f846245100f3eafadf7f5ea
    :git: https://github.com/onmyway133/Anchors
  GifMagic:
    :commit: ae3db72cd6721e214ae9af869f124592efe5b928
    :git: https://github.com/onmyway133/GifMagic

SPEC CHECKSUMS:
  Anchors: 75614cac462e063b395386e31eb593a856d831a8
  GifMagic: fcef1d3e0b6273b3480f1fe42c1533b4606f0f78

PODFILE CHECKSUM: c6ba8e3157720d991054f7992aa59de0369eda93

COCOAPODS: 1.6.0.beta.2
