// !$*UTF8*$!
{
	archiveVersion = 1;
	classes = {
	};
	objectVersion = 46;
	objects = {

/* Begin PBXBuildFile section */
		D25B8CA61F334C9D00718899 /* LoadingIndicator.swift in Sources */ = {isa = PBXBuildFile; fileRef = D25B8CA51F334C9D00718899 /* LoadingIndicator.swift */; };
		D2873FC11F05032A004F4396 /* AppDelegate.swift in Sources */ = {isa = PBXBuildFile; fileRef = D2873FC01F05032A004F4396 /* AppDelegate.swift */; };
		D2873FC51F05032A004F4396 /* Assets.xcassets in Resources */ = {isa = PBXBuildFile; fileRef = D2873FC41F05032A004F4396 /* Assets.xcassets */; };
		D2873FC81F05032A004F4396 /* Main.storyboard in Resources */ = {isa = PBXBuildFile; fileRef = D2873FC61F05032A004F4396 /* Main.storyboard */; };
		D2E570AF1F30A76D001FBD7C /* ViewController.swift in Sources */ = {isa = PBXBuildFile; fileRef = D2E570AB1F30A76D001FBD7C /* ViewController.swift */; };
		D2E570B01F30A76D001FBD7C /* DestinationView.swift in Sources */ = {isa = PBXBuildFile; fileRef = D2E570AE1F30A76D001FBD7C /* DestinationView.swift */; };
		D2E570B21F30A779001FBD7C /* DragItem.swift in Sources */ = {isa = PBXBuildFile; fileRef = D2E570B11F30A779001FBD7C /* DragItem.swift */; };
		D2E570B41F30AC0B001FBD7C /* DragImage.swift in Sources */ = {isa = PBXBuildFile; fileRef = D2E570B31F30AC0B001FBD7C /* DragImage.swift */; };
		D2E570B61F30AC11001FBD7C /* DragGif.swift in Sources */ = {isa = PBXBuildFile; fileRef = D2E570B51F30AC11001FBD7C /* DragGif.swift */; };
		D2E570BF1F30BCE6001FBD7C /* Utlils.swift in Sources */ = {isa = PBXBuildFile; fileRef = D2E570BE1F30BCE6001FBD7C /* Utlils.swift */; };
		D2E570C11F30C270001FBD7C /* Extensions.swift in Sources */ = {isa = PBXBuildFile; fileRef = D2E570C01F30C270001FBD7C /* Extensions.swift */; };
		F4E12342354DB749368C5E95 /* Pods_FinderFrame.framework in Frameworks */ = {isa = PBXBuildFile; fileRef = FE009D4585230D74C6B5AF66 /* Pods_FinderFrame.framework */; };
/* End PBXBuildFile section */

/* Begin PBXFileReference section */
		1C8A474F4B2CFA06D80176D1 /* Pods-FinderFrame.debug.xcconfig */ = {isa = PBXFileReference; includeInIndex = 1; lastKnownFileType = text.xcconfig; name = "Pods-FinderFrame.debug.xcconfig"; path = "Pods/Target Support Files/Pods-FinderFrame/Pods-FinderFrame.debug.xcconfig"; sourceTree = "<group>"; };
		D25B8CA51F334C9D00718899 /* LoadingIndicator.swift */ = {isa = PBXFileReference; fileEncoding = 4; lastKnownFileType = sourcecode.swift; path = LoadingIndicator.swift; sourceTree = "<group>"; };
		D2873FBD1F05032A004F4396 /* FinderFrame.app */ = {isa = PBXFileReference; explicitFileType = wrapper.application; includeInIndex = 0; path = FinderFrame.app; sourceTree = BUILT_PRODUCTS_DIR; };
		D2873FC01F05032A004F4396 /* AppDelegate.swift */ = {isa = PBXFileReference; lastKnownFileType = sourcecode.swift; path = AppDelegate.swift; sourceTree = "<group>"; };
		D2873FC41F05032A004F4396 /* Assets.xcassets */ = {isa = PBXFileReference; lastKnownFileType = folder.assetcatalog; path = Assets.xcassets; sourceTree = "<group>"; };
		D2873FC71F05032A004F4396 /* Base */ = {isa = PBXFileReference; lastKnownFileType = file.storyboard; name = Base; path = Base.lproj/Main.storyboard; sourceTree = "<group>"; };
		D2873FC91F05032A004F4396 /* Info.plist */ = {isa = PBXFileReference; lastKnownFileType = text.plist.xml; path = Info.plist; sourceTree = "<group>"; };
		D2E570AB1F30A76D001FBD7C /* ViewController.swift */ = {isa = PBXFileReference; fileEncoding = 4; lastKnownFileType = sourcecode.swift; path = ViewController.swift; sourceTree = "<group>"; };
		D2E570AE1F30A76D001FBD7C /* DestinationView.swift */ = {isa = PBXFileReference; fileEncoding = 4; lastKnownFileType = sourcecode.swift; path = DestinationView.swift; sourceTree = "<group>"; };
		D2E570B11F30A779001FBD7C /* DragItem.swift */ = {isa = PBXFileReference; fileEncoding = 4; lastKnownFileType = sourcecode.swift; path = DragItem.swift; sourceTree = "<group>"; };
		D2E570B31F30AC0B001FBD7C /* DragImage.swift */ = {isa = PBXFileReference; fileEncoding = 4; lastKnownFileType = sourcecode.swift; path = DragImage.swift; sourceTree = "<group>"; };
		D2E570B51F30AC11001FBD7C /* DragGif.swift */ = {isa = PBXFileReference; fileEncoding = 4; lastKnownFileType = sourcecode.swift; path = DragGif.swift; sourceTree = "<group>"; };
		D2E570BE1F30BCE6001FBD7C /* Utlils.swift */ = {isa = PBXFileReference; fileEncoding = 4; lastKnownFileType = sourcecode.swift; path = Utlils.swift; sourceTree = "<group>"; };
		D2E570C01F30C270001FBD7C /* Extensions.swift */ = {isa = PBXFileReference; fileEncoding = 4; lastKnownFileType = sourcecode.swift; path = Extensions.swift; sourceTree = "<group>"; };
		F4F37C5C876FF01898A7F427 /* Pods-FinderFrame.release.xcconfig */ = {isa = PBXFileReference; includeInIndex = 1; lastKnownFileType = text.xcconfig; name = "Pods-FinderFrame.release.xcconfig"; path = "Pods/Target Support Files/Pods-FinderFrame/Pods-FinderFrame.release.xcconfig"; sourceTree = "<group>"; };
		FE009D4585230D74C6B5AF66 /* Pods_FinderFrame.framework */ = {isa = PBXFileReference; explicitFileType = wrapper.framework; includeInIndex = 0; path = Pods_FinderFrame.framework; sourceTree = BUILT_PRODUCTS_DIR; };
/* End PBXFileReference section */

/* Begin PBXFrameworksBuildPhase section */
		D2873FBA1F05032A004F4396 /* Frameworks */ = {
			isa = PBXFrameworksBuildPhase;
			buildActionMask = 2147483647;
			files = (
				F4E12342354DB749368C5E95 /* Pods_FinderFrame.framework in Frameworks */,
			);
			runOnlyForDeploymentPostprocessing = 0;
		};
/* End PBXFrameworksBuildPhase section */

/* Begin PBXGroup section */
		48E38F37177D6A2638D1702B /* Frameworks */ = {
			isa = PBXGroup;
			children = (
				FE009D4585230D74C6B5AF66 /* Pods_FinderFrame.framework */,
			);
			name = Frameworks;
			sourceTree = "<group>";
		};
		D2873FB41F05032A004F4396 = {
			isa = PBXGroup;
			children = (
				D2873FBF1F05032A004F4396 /* FinderFrame */,
				D2873FBE1F05032A004F4396 /* Products */,
				F1C7DEAA79D4D573D2167E3B /* Pods */,
				48E38F37177D6A2638D1702B /* Frameworks */,
			);
			sourceTree = "<group>";
		};
		D2873FBE1F05032A004F4396 /* Products */ = {
			isa = PBXGroup;
			children = (
				D2873FBD1F05032A004F4396 /* FinderFrame.app */,
			);
			name = Products;
			sourceTree = "<group>";
		};
		D2873FBF1F05032A004F4396 /* FinderFrame */ = {
			isa = PBXGroup;
			children = (
				D2E570AA1F30A76D001FBD7C /* Controller */,
				D2E570AC1F30A76D001FBD7C /* Library */,
				D2E570AD1F30A76D001FBD7C /* View */,
				D2873FC01F05032A004F4396 /* AppDelegate.swift */,
				D2873FC41F05032A004F4396 /* Assets.xcassets */,
				D2873FC61F05032A004F4396 /* Main.storyboard */,
				D2873FC91F05032A004F4396 /* Info.plist */,
			);
			path = FinderFrame;
			sourceTree = "<group>";
		};
		D2E570AA1F30A76D001FBD7C /* Controller */ = {
			isa = PBXGroup;
			children = (
				D2E570AB1F30A76D001FBD7C /* ViewController.swift */,
			);
			path = Controller;
			sourceTree = "<group>";
		};
		D2E570AC1F30A76D001FBD7C /* Library */ = {
			isa = PBXGroup;
			children = (
				D2E570B11F30A779001FBD7C /* DragItem.swift */,
				D2E570B31F30AC0B001FBD7C /* DragImage.swift */,
				D2E570B51F30AC11001FBD7C /* DragGif.swift */,
				D2E570BE1F30BCE6001FBD7C /* Utlils.swift */,
				D2E570C01F30C270001FBD7C /* Extensions.swift */,
			);
			path = Library;
			sourceTree = "<group>";
		};
		D2E570AD1F30A76D001FBD7C /* View */ = {
			isa = PBXGroup;
			children = (
				D2E570AE1F30A76D001FBD7C /* DestinationView.swift */,
				D25B8CA51F334C9D00718899 /* LoadingIndicator.swift */,
			);
			path = View;
			sourceTree = "<group>";
		};
		F1C7DEAA79D4D573D2167E3B /* Pods */ = {
			isa = PBXGroup;
			children = (
				1C8A474F4B2CFA06D80176D1 /* Pods-FinderFrame.debug.xcconfig */,
				F4F37C5C876FF01898A7F427 /* Pods-FinderFrame.release.xcconfig */,
			);
			name = Pods;
			sourceTree = "<group>";
		};
/* End PBXGroup section */

/* Begin PBXNativeTarget section */
		D2873FBC1F05032A004F4396 /* FinderFrame */ = {
			isa = PBXNativeTarget;
			buildConfigurationList = D2873FCC1F05032A004F4396 /* Build configuration list for PBXNativeTarget "FinderFrame" */;
			buildPhases = (
				562F2A7C1335471783DF81B2 /* [CP] Check Pods Manifest.lock */,
				D2873FB91F05032A004F4396 /* Sources */,
				D2873FBA1F05032A004F4396 /* Frameworks */,
				D2873FBB1F05032A004F4396 /* Resources */,
				AAF0F5911847E8E5E793FBC7 /* [CP] Embed Pods Frameworks */,
			);
			buildRules = (
			);
			dependencies = (
			);
			name = FinderFrame;
			productName = FinderFrame;
			productReference = D2873FBD1F05032A004F4396 /* FinderFrame.app */;
			productType = "com.apple.product-type.application";
		};
/* End PBXNativeTarget section */

/* Begin PBXProject section */
		D2873FB51F05032A004F4396 /* Project object */ = {
			isa = PBXProject;
			attributes = {
				LastSwiftUpdateCheck = 0830;
				LastUpgradeCheck = 1010;
				ORGANIZATIONNAME = Fantageek;
				TargetAttributes = {
					D2873FBC1F05032A004F4396 = {
						CreatedOnToolsVersion = 8.3.3;
						DevelopmentTeam = T78DK947F2;
						ProvisioningStyle = Automatic;
					};
				};
			};
			buildConfigurationList = D2873FB81F05032A004F4396 /* Build configuration list for PBXProject "FinderFrame" */;
			compatibilityVersion = "Xcode 3.2";
			developmentRegion = English;
			hasScannedForEncodings = 0;
			knownRegions = (
				en,
				Base,
			);
			mainGroup = D2873FB41F05032A004F4396;
			productRefGroup = D2873FBE1F05032A004F4396 /* Products */;
			projectDirPath = "";
			projectRoot = "";
			targets = (
				D2873FBC1F05032A004F4396 /* FinderFrame */,
			);
		};
/* End PBXProject section */

/* Begin PBXResourcesBuildPhase section */
		D2873FBB1F05032A004F4396 /* Resources */ = {
			isa = PBXResourcesBuildPhase;
			buildActionMask = 2147483647;
			files = (
				D2873FC51F05032A004F4396 /* Assets.xcassets in Resources */,
				D2873FC81F05032A004F4396 /* Main.storyboard in Resources */,
			);
			runOnlyForDeploymentPostprocessing = 0;
		};
/* End PBXResourcesBuildPhase section */

/* Begin PBXShellScriptBuildPhase section */
		562F2A7C1335471783DF81B2 /* [CP] Check Pods Manifest.lock */ = {
			isa = PBXShellScriptBuildPhase;
			buildActionMask = 2147483647;
			files = (
			);
			inputPaths = (
				"${PODS_PODFILE_DIR_PATH}/Podfile.lock",
				"${PODS_ROOT}/Manifest.lock",
			);
			name = "[CP] Check Pods Manifest.lock";
			outputPaths = (
				"$(DERIVED_FILE_DIR)/Pods-FinderFrame-checkManifestLockResult.txt",
			);
			runOnlyForDeploymentPostprocessing = 0;
			shellPath = /bin/sh;
			shellScript = "diff \"${PODS_PODFILE_DIR_PATH}/Podfile.lock\" \"${PODS_ROOT}/Manifest.lock\" > /dev/null\nif [ $? != 0 ] ; then\n    # print error to STDERR\n    echo \"error: The sandbox is not in sync with the Podfile.lock. Run 'pod install' or update your CocoaPods installation.\" >&2\n    exit 1\nfi\n# This output is used by Xcode 'outputs' to avoid re-running this script phase.\necho \"SUCCESS\" > \"${SCRIPT_OUTPUT_FILE_0}\"\n";
			showEnvVarsInLog = 0;
		};
		AAF0F5911847E8E5E793FBC7 /* [CP] Embed Pods Frameworks */ = {
			isa = PBXShellScriptBuildPhase;
			buildActionMask = 2147483647;
			files = (
			);
			inputPaths = (
				"${PODS_ROOT}/Target Support Files/Pods-FinderFrame/Pods-FinderFrame-frameworks.sh",
				"${BUILT_PRODUCTS_DIR}/Anchors/Anchors.framework",
				"${BUILT_PRODUCTS_DIR}/GifMagic/GifMagic.framework",
			);
			name = "[CP] Embed Pods Frameworks";
			outputPaths = (
				"${TARGET_BUILD_DIR}/${FRAMEWORKS_FOLDER_PATH}/Anchors.framework",
				"${TARGET_BUILD_DIR}/${FRAMEWORKS_FOLDER_PATH}/GifMagic.framework",
			);
			runOnlyForDeploymentPostprocessing = 0;
			shellPath = /bin/sh;
			shellScript = "\"${PODS_ROOT}/Target Support Files/Pods-FinderFrame/Pods-FinderFrame-frameworks.sh\"\n";
			showEnvVarsInLog = 0;
		};
/* End PBXShellScriptBuildPhase section */

/* Begin PBXSourcesBuildPhase section */
		D2873FB91F05032A004F4396 /* Sources */ = {
			isa = PBXSourcesBuildPhase;
			buildActionMask = 2147483647;
			files = (
				D25B8CA61F334C9D00718899 /* LoadingIndicator.swift in Sources */,
				D2E570B01F30A76D001FBD7C /* DestinationView.swift in Sources */,
				D2E570B41F30AC0B001FBD7C /* DragImage.swift in Sources */,
				D2E570B61F30AC11001FBD7C /* DragGif.swift in Sources */,
				D2E570C11F30C270001FBD7C /* Extensions.swift in Sources */,
				D2E570AF1F30A76D001FBD7C /* ViewController.swift in Sources */,
				D2E570B21F30A779001FBD7C /* DragItem.swift in Sources */,
				D2E570BF1F30BCE6001FBD7C /* Utlils.swift in Sources */,
				D2873FC11F05032A004F4396 /* AppDelegate.swift in Sources */,
			);
			runOnlyForDeploymentPostprocessing = 0;
		};
/* End PBXSourcesBuildPhase section */

/* Begin PBXVariantGroup section */
		D2873FC61F05032A004F4396 /* Main.storyboard */ = {
			isa = PBXVariantGroup;
			children = (
				D2873FC71F05032A004F4396 /* Base */,
			);
			name = Main.storyboard;
			sourceTree = "<group>";
		};
/* End PBXVariantGroup section */

/* Begin XCBuildConfiguration section */
		D2873FCA1F05032A004F4396 /* Debug */ = {
			isa = XCBuildConfiguration;
			buildSettings = {
				ALWAYS_SEARCH_USER_PATHS = NO;
				CLANG_ANALYZER_NONNULL = YES;
				CLANG_ANALYZER_NUMBER_OBJECT_CONVERSION = YES_AGGRESSIVE;
				CLANG_CXX_LANGUAGE_STANDARD = "gnu++0x";
				CLANG_CXX_LIBRARY = "libc++";
				CLANG_ENABLE_MODULES = YES;
				CLANG_ENABLE_OBJC_ARC = YES;
				CLANG_WARN_BLOCK_CAPTURE_AUTORELEASING = YES;
				CLANG_WARN_BOOL_CONVERSION = YES;
				CLANG_WARN_COMMA = YES;
				CLANG_WARN_CONSTANT_CONVERSION = YES;
				CLANG_WARN_DEPRECATED_OBJC_IMPLEMENTATIONS = YES;
				CLANG_WARN_DIRECT_OBJC_ISA_USAGE = YES_ERROR;
				CLANG_WARN_DOCUMENTATION_COMMENTS = YES;
				CLANG_WARN_EMPTY_BODY = YES;
				CLANG_WARN_ENUM_CONVERSION = YES;
				CLANG_WARN_INFINITE_RECURSION = YES;
				CLANG_WARN_INT_CONVERSION = YES;
				CLANG_WARN_NON_LITERAL_NULL_CONVERSION = YES;
				CLANG_WARN_OBJC_IMPLICIT_RETAIN_SELF = YES;
				CLANG_WARN_OBJC_LITERAL_CONVERSION = YES;
				CLANG_WARN_OBJC_ROOT_CLASS = YES_ERROR;
				CLANG_WARN_RANGE_LOOP_ANALYSIS = YES;
				CLANG_WARN_STRICT_PROTOTYPES = YES;
				CLANG_WARN_SUSPICIOUS_MOVE = YES;
				CLANG_WARN_UNREACHABLE_CODE = YES;
				CLANG_WARN__DUPLICATE_METHOD_MATCH = YES;
				CODE_SIGN_IDENTITY = "-";
				COPY_PHASE_STRIP = NO;
				DEBUG_INFORMATION_FORMAT = dwarf;
				ENABLE_STRICT_OBJC_MSGSEND = YES;
				ENABLE_TESTABILITY = YES;
				GCC_C_LANGUAGE_STANDARD = gnu99;
				GCC_DYNAMIC_NO_PIC = NO;
				GCC_NO_COMMON_BLOCKS = YES;
				GCC_OPTIMIZATION_LEVEL = 0;
				GCC_PREPROCESSOR_DEFINITIONS = (
					"DEBUG=1",
					"$(inherited)",
				);
				GCC_WARN_64_TO_32_BIT_CONVERSION = YES;
				GCC_WARN_ABOUT_RETURN_TYPE = YES_ERROR;
				GCC_WARN_UNDECLARED_SELECTOR = YES;
				GCC_WARN_UNINITIALIZED_AUTOS = YES_AGGRESSIVE;
				GCC_WARN_UNUSED_FUNCTION = YES;
				GCC_WARN_UNUSED_VARIABLE = YES;
				MACOSX_DEPLOYMENT_TARGET = 10.12;
				MTL_ENABLE_DEBUG_INFO = YES;
				ONLY_ACTIVE_ARCH = YES;
				SDKROOT = macosx;
				SWIFT_ACTIVE_COMPILATION_CONDITIONS = DEBUG;
				SWIFT_OPTIMIZATION_LEVEL = "-Onone";
				SWIFT_VERSION = 4.2;
			};
			name = Debug;
		};
		D2873FCB1F05032A004F4396 /* Release */ = {
			isa = XCBuildConfiguration;
			buildSettings = {
				ALWAYS_SEARCH_USER_PATHS = NO;
				CLANG_ANALYZER_NONNULL = YES;
				CLANG_ANALYZER_NUMBER_OBJECT_CONVERSION = YES_AGGRESSIVE;
				CLANG_CXX_LANGUAGE_STANDARD = "gnu++0x";
				CLANG_CXX_LIBRARY = "libc++";
				CLANG_ENABLE_MODULES = YES;
				CLANG_ENABLE_OBJC_ARC = YES;
				CLANG_WARN_BLOCK_CAPTURE_AUTORELEASING = YES;
				CLANG_WARN_BOOL_CONVERSION = YES;
				CLANG_WARN_COMMA = YES;
				CLANG_WARN_CONSTANT_CONVERSION = YES;
				CLANG_WARN_DEPRECATED_OBJC_IMPLEMENTATIONS = YES;
				CLANG_WARN_DIRECT_OBJC_ISA_USAGE = YES_ERROR;
				CLANG_WARN_DOCUMENTATION_COMMENTS = YES;
				CLANG_WARN_EMPTY_BODY = YES;
				CLANG_WARN_ENUM_CONVERSION = YES;
				CLANG_WARN_INFINITE_RECURSION = YES;
				CLANG_WARN_INT_CONVERSION = YES;
				CLANG_WARN_NON_LITERAL_NULL_CONVERSION = YES;
				CLANG_WARN_OBJC_IMPLICIT_RETAIN_SELF = YES;
				CLANG_WARN_OBJC_LITERAL_CONVERSION = YES;
				CLANG_WARN_OBJC_ROOT_CLASS = YES_ERROR;
				CLANG_WARN_RANGE_LOOP_ANALYSIS = YES;
				CLANG_WARN_STRICT_PROTOTYPES = YES;
				CLANG_WARN_SUSPICIOUS_MOVE = YES;
				CLANG_WARN_UNREACHABLE_CODE = YES;
				CLANG_WARN__DUPLICATE_METHOD_MATCH = YES;
				CODE_SIGN_IDENTITY = "-";
				COPY_PHASE_STRIP = NO;
				DEBUG_INFORMATION_FORMAT = "dwarf-with-dsym";
				ENABLE_NS_ASSERTIONS = NO;
				ENABLE_STRICT_OBJC_MSGSEND = YES;
				GCC_C_LANGUAGE_STANDARD = gnu99;
				GCC_NO_COMMON_BLOCKS = YES;
				GCC_WARN_64_TO_32_BIT_CONVERSION = YES;
				GCC_WARN_ABOUT_RETURN_TYPE = YES_ERROR;
				GCC_WARN_UNDECLARED_SELECTOR = YES;
				GCC_WARN_UNINITIALIZED_AUTOS = YES_AGGRESSIVE;
				GCC_WARN_UNUSED_FUNCTION = YES;
				GCC_WARN_UNUSED_VARIABLE = YES;
				MACOSX_DEPLOYMENT_TARGET = 10.12;
				MTL_ENABLE_DEBUG_INFO = NO;
				SDKROOT = macosx;
				SWIFT_OPTIMIZATION_LEVEL = "-Owholemodule";
				SWIFT_VERSION = 4.2;
			};
			name = Release;
		};
		D2873FCD1F05032A004F4396 /* Debug */ = {
			isa = XCBuildConfiguration;
			baseConfigurationReference = 1C8A474F4B2CFA06D80176D1 /* Pods-FinderFrame.debug.xcconfig */;
			buildSettings = {
				ASSETCATALOG_COMPILER_APPICON_NAME = AppIcon;
				CODE_SIGN_IDENTITY = "Mac Developer";
				COMBINE_HIDPI_IMAGES = YES;
				DEVELOPMENT_TEAM = "";
				INFOPLIST_FILE = FinderFrame/Info.plist;
				LD_RUNPATH_SEARCH_PATHS = "$(inherited) @executable_path/../Frameworks";
				MACOSX_DEPLOYMENT_TARGET = 10.11;
				PRODUCT_BUNDLE_IDENTIFIER = com.onmyway133.FinderFrame;
				PRODUCT_NAME = "$(TARGET_NAME)";
				PROVISIONING_PROFILE_SPECIFIER = "";
				SWIFT_VERSION = 3.0;
			};
			name = Debug;
		};
		D2873FCE1F05032A004F4396 /* Release */ = {
			isa = XCBuildConfiguration;
			baseConfigurationReference = F4F37C5C876FF01898A7F427 /* Pods-FinderFrame.release.xcconfig */;
			buildSettings = {
				ASSETCATALOG_COMPILER_APPICON_NAME = AppIcon;
				CODE_SIGN_IDENTITY = "Mac Developer";
				COMBINE_HIDPI_IMAGES = YES;
				DEVELOPMENT_TEAM = "";
				INFOPLIST_FILE = FinderFrame/Info.plist;
				LD_RUNPATH_SEARCH_PATHS = "$(inherited) @executable_path/../Frameworks";
				MACOSX_DEPLOYMENT_TARGET = 10.11;
				PRODUCT_BUNDLE_IDENTIFIER = com.onmyway133.FinderFrame;
				PRODUCT_NAME = "$(TARGET_NAME)";
				PROVISIONING_PROFILE_SPECIFIER = "";
				SWIFT_VERSION = 3.0;
			};
			name = Release;
		};
/* End XCBuildConfiguration section */

/* Begin XCConfigurationList section */
		D2873FB81F05032A004F4396 /* Build configuration list for PBXProject "FinderFrame" */ = {
			isa = XCConfigurationList;
			buildConfigurations = (
				D2873FCA1F05032A004F4396 /* Debug */,
				D2873FCB1F05032A004F4396 /* Release */,
			);
			defaultConfigurationIsVisible = 0;
			defaultConfigurationName = Release;
		};
		D2873FCC1F05032A004F4396 /* Build configuration list for PBXNativeTarget "FinderFrame" */ = {
			isa = XCConfigurationList;
			buildConfigurations = (
				D2873FCD1F05032A004F4396 /* Debug */,
				D2873FCE1F05032A004F4396 /* Release */,
			);
			defaultConfigurationIsVisible = 0;
			defaultConfigurationName = Release;
		};
/* End XCConfigurationList section */
	};
	rootObject = D2873FB51F05032A004F4396 /* Project object */;
}
